{
  "requires": true,
  "lockfileVersion": 1,
  "dependencies": {
    "XHR.js": {
      "version": "git+https://github.com/raulriera/XHR.git#68e292a895a6cb353debdac5452cbed7666b0348"
    },
    "easytimer": {
      "version": "1.1.1",
      "resolved": "https://registry.npmjs.org/easytimer/-/easytimer-1.1.1.tgz",
      "integrity": "sha1-Gt3eclZG3iWSQw0DBIp0jWM1TpQ="
    },
    "sculejs": {
      "version": "git+https://github.com/deyles/sculejs.git#6b5a8afe6fc4217b1e7bd3d7ca6997c1d5206887"
    },
    "tmr": {
      "version": "0.0.1",
      "resolved": "https://registry.npmjs.org/tmr/-/tmr-0.0.1.tgz",
      "integrity": "sha1-5ikEgR3G9mXrIGErWz05t8+uh6s="
    },
    "xtend": {
      "version": "4.0.1",
      "resolved": "https://registry.npmjs.org/xtend/-/xtend-4.0.1.tgz",
      "integrity": "sha1-pcbVMr5lbiPbgg77lDofBJmNY68="
    }
  }
}
